
Microsoft Visual Studio Solution File, Format Version 12.00
# Visual Studio 14
VisualStudioVersion = 14.0.24720.0
MinimumVisualStudioVersion = 10.0.40219.1
Project("{2150E333-8FDC-42A3-9474-1A3956D46DE8}") = "source", "source", "{DC5C5CE8-5C49-4AD0-B23D-001FAE539573}"
EndProject
Project("{2150E333-8FDC-42A3-9474-1A3956D46DE8}") = "tests", "tests", "{2F18FBA0-5947-47B6-8053-42E09E867DC2}"
EndProject
Project("{FAE04EC0-301F-11D3-BF4B-00C04F79EFBC}") = "SynoDs.Core.Dal", "source\SynoDs.Core.Dal\SynoDs.Core.Dal.csproj", "{08DCB704-8FF6-4BF5-B852-2F8EECB8C6F6}"
EndProject
Project("{FAE04EC0-301F-11D3-BF4B-00C04F79EFBC}") = "SynoDs.Core.ApiBase", "source\SynoDs.Core.Api\SynoDs.Core.ApiBase.csproj", "{7E0BDC20-A490-4DB0-869B-35576D74332F}"
EndProject
Project("{FAE04EC0-301F-11D3-BF4B-00C04F79EFBC}") = "SynologyTests", "tests\SynologyTests.csproj", "{F2BF1FA2-30FE-42E3-A60F-33A4D09006E8}"
EndProject
Project("{2150E333-8FDC-42A3-9474-1A3956D46DE8}") = ".nuget", ".nuget", "{D6A5A80F-C68C-4D60-AADB-05379A63C22A}"
	ProjectSection(SolutionItems) = preProject
		.nuget\NuGet.Config = .nuget\NuGet.Config
		.nuget\NuGet.exe = .nuget\NuGet.exe
		.nuget\NuGet.targets = .nuget\NuGet.targets
	EndProjectSection
EndProject
Project("{FAE04EC0-301F-11D3-BF4B-00C04F79EFBC}") = "SynoDs.Core.DownloadStation", "source\SynoDs.Core.DownloadStation\SynoDs.Core.DownloadStation.csproj", "{D78F4068-26A0-47C7-9B3E-DD032535ACE9}"
EndProject
Project("{FAE04EC0-301F-11D3-BF4B-00C04F79EFBC}") = "SynoDs.Core.JsonParser", "source\SynoDs.Core.JsonParser\SynoDs.Core.JsonParser.csproj", "{5202EE3E-C77E-4799-B841-CD60DBD8B38D}"
EndProject
Project("{FAE04EC0-301F-11D3-BF4B-00C04F79EFBC}") = "SynoDs.Core.CrossCutting", "source\SynoDs.Core.CrossCutting\SynoDs.Core.CrossCutting.csproj", "{ADBFE2AC-59DA-4F12-8701-6AED991ABE22}"
EndProject
Project("{FAE04EC0-301F-11D3-BF4B-00C04F79EFBC}") = "SynoDs.Core.Exceptions", "source\SynoDs.Core.Exception\SynoDs.Core.Exceptions.csproj", "{8DC00C72-0107-4774-AAF3-D5CD49B5F66D}"
EndProject
Project("{FAE04EC0-301F-11D3-BF4B-00C04F79EFBC}") = "SynoDs.Core.FileStation", "source\SynoDs.Core.FileStation\SynoDs.Core.FileStation.csproj", "{65DBB4BF-2C0E-4689-867A-0629D05BDCFF}"
EndProject
Project("{FAE04EC0-301F-11D3-BF4B-00C04F79EFBC}") = "SynoDs.Core.Contracts", "source\SynoDs.Core.Contracts\SynoDs.Core.Contracts.csproj", "{0A64E79D-5E0F-4E19-8FC8-3A0DE0146E5D}"
EndProject
Project("{FAE04EC0-301F-11D3-BF4B-00C04F79EFBC}") = "SynoDs.Core.ErrorProvider", "source\SynoDs.Core.ErrorProvider\SynoDs.Core.ErrorProvider\SynoDs.Core.ErrorProvider.csproj", "{5A3A5C83-8BC0-4954-A335-0761DCA3C6C4}"
EndProject
Project("{FAE04EC0-301F-11D3-BF4B-00C04F79EFBC}") = "SynoDs.Core.AttributeReader", "source\SynoDs.Core.AttributeReader\SynoDs.Core.AttributeReader.csproj", "{87D1D3D9-3AF2-46F2-9631-8AD02FDAA6C0}"
EndProject
Project("{2150E333-8FDC-42A3-9474-1A3956D46DE8}") = "SynoDs.Universal", "SynoDs.Universal", "{A181FFD1-4D04-47D9-9C42-F337F641C231}"
EndProject
Project("{FAE04EC0-301F-11D3-BF4B-00C04F79EFBC}") = "SynoDs.UWP", "source\SynoDs.UWP\SynoDs.UWP.csproj", "{6106913D-3A25-4C1F-B2F2-D7DAB12600A2}"
EndProject
Global
	GlobalSection(SolutionConfigurationPlatforms) = preSolution
		Debug|Any CPU = Debug|Any CPU
		Debug|ARM = Debug|ARM
		Debug|x64 = Debug|x64
		Debug|x86 = Debug|x86
		Release|Any CPU = Release|Any CPU
		Release|ARM = Release|ARM
		Release|x64 = Release|x64
		Release|x86 = Release|x86
	EndGlobalSection
	GlobalSection(ProjectConfigurationPlatforms) = postSolution
		{08DCB704-8FF6-4BF5-B852-2F8EECB8C6F6}.Debug|Any CPU.ActiveCfg = Debug|Any CPU
		{08DCB704-8FF6-4BF5-B852-2F8EECB8C6F6}.Debug|Any CPU.Build.0 = Debug|Any CPU
		{08DCB704-8FF6-4BF5-B852-2F8EECB8C6F6}.Debug|ARM.ActiveCfg = Debug|Any CPU
		{08DCB704-8FF6-4BF5-B852-2F8EECB8C6F6}.Debug|x64.ActiveCfg = Debug|Any CPU
		{08DCB704-8FF6-4BF5-B852-2F8EECB8C6F6}.Debug|x86.ActiveCfg = Debug|Any CPU
		{08DCB704-8FF6-4BF5-B852-2F8EECB8C6F6}.Release|Any CPU.ActiveCfg = Release|Any CPU
		{08DCB704-8FF6-4BF5-B852-2F8EECB8C6F6}.Release|Any CPU.Build.0 = Release|Any CPU
		{08DCB704-8FF6-4BF5-B852-2F8EECB8C6F6}.Release|ARM.ActiveCfg = Release|Any CPU
		{08DCB704-8FF6-4BF5-B852-2F8EECB8C6F6}.Release|x64.ActiveCfg = Release|Any CPU
		{08DCB704-8FF6-4BF5-B852-2F8EECB8C6F6}.Release|x86.ActiveCfg = Release|Any CPU
		{7E0BDC20-A490-4DB0-869B-35576D74332F}.Debug|Any CPU.ActiveCfg = Debug|Any CPU
		{7E0BDC20-A490-4DB0-869B-35576D74332F}.Debug|Any CPU.Build.0 = Debug|Any CPU
		{7E0BDC20-A490-4DB0-869B-35576D74332F}.Debug|ARM.ActiveCfg = Debug|Any CPU
		{7E0BDC20-A490-4DB0-869B-35576D74332F}.Debug|x64.ActiveCfg = Debug|Any CPU
		{7E0BDC20-A490-4DB0-869B-35576D74332F}.Debug|x86.ActiveCfg = Debug|Any CPU
		{7E0BDC20-A490-4DB0-869B-35576D74332F}.Release|Any CPU.ActiveCfg = Release|Any CPU
		{7E0BDC20-A490-4DB0-869B-35576D74332F}.Release|Any CPU.Build.0 = Release|Any CPU
		{7E0BDC20-A490-4DB0-869B-35576D74332F}.Release|ARM.ActiveCfg = Release|Any CPU
		{7E0BDC20-A490-4DB0-869B-35576D74332F}.Release|x64.ActiveCfg = Release|Any CPU
		{7E0BDC20-A490-4DB0-869B-35576D74332F}.Release|x86.ActiveCfg = Release|Any CPU
		{F2BF1FA2-30FE-42E3-A60F-33A4D09006E8}.Debug|Any CPU.ActiveCfg = Debug|Any CPU
		{F2BF1FA2-30FE-42E3-A60F-33A4D09006E8}.Debug|Any CPU.Build.0 = Debug|Any CPU
		{F2BF1FA2-30FE-42E3-A60F-33A4D09006E8}.Debug|ARM.ActiveCfg = Debug|Any CPU
		{F2BF1FA2-30FE-42E3-A60F-33A4D09006E8}.Debug|x64.ActiveCfg = Debug|Any CPU
		{F2BF1FA2-30FE-42E3-A60F-33A4D09006E8}.Debug|x86.ActiveCfg = Debug|Any CPU
		{F2BF1FA2-30FE-42E3-A60F-33A4D09006E8}.Release|Any CPU.ActiveCfg = Release|Any CPU
		{F2BF1FA2-30FE-42E3-A60F-33A4D09006E8}.Release|Any CPU.Build.0 = Release|Any CPU
		{F2BF1FA2-30FE-42E3-A60F-33A4D09006E8}.Release|ARM.ActiveCfg = Release|Any CPU
		{F2BF1FA2-30FE-42E3-A60F-33A4D09006E8}.Release|x64.ActiveCfg = Release|Any CPU
		{F2BF1FA2-30FE-42E3-A60F-33A4D09006E8}.Release|x86.ActiveCfg = Release|Any CPU
		{D78F4068-26A0-47C7-9B3E-DD032535ACE9}.Debug|Any CPU.ActiveCfg = Debug|Any CPU
		{D78F4068-26A0-47C7-9B3E-DD032535ACE9}.Debug|Any CPU.Build.0 = Debug|Any CPU
		{D78F4068-26A0-47C7-9B3E-DD032535ACE9}.Debug|ARM.ActiveCfg = Debug|Any CPU
		{D78F4068-26A0-47C7-9B3E-DD032535ACE9}.Debug|x64.ActiveCfg = Debug|Any CPU
		{D78F4068-26A0-47C7-9B3E-DD032535ACE9}.Debug|x86.ActiveCfg = Debug|Any CPU
		{D78F4068-26A0-47C7-9B3E-DD032535ACE9}.Release|Any CPU.ActiveCfg = Release|Any CPU
		{D78F4068-26A0-47C7-9B3E-DD032535ACE9}.Release|Any CPU.Build.0 = Release|Any CPU
		{D78F4068-26A0-47C7-9B3E-DD032535ACE9}.Release|ARM.ActiveCfg = Release|Any CPU
		{D78F4068-26A0-47C7-9B3E-DD032535ACE9}.Release|x64.ActiveCfg = Release|Any CPU
		{D78F4068-26A0-47C7-9B3E-DD032535ACE9}.Release|x86.ActiveCfg = Release|Any CPU
		{5202EE3E-C77E-4799-B841-CD60DBD8B38D}.Debug|Any CPU.ActiveCfg = Debug|Any CPU
		{5202EE3E-C77E-4799-B841-CD60DBD8B38D}.Debug|Any CPU.Build.0 = Debug|Any CPU
		{5202EE3E-C77E-4799-B841-CD60DBD8B38D}.Debug|ARM.ActiveCfg = Debug|Any CPU
		{5202EE3E-C77E-4799-B841-CD60DBD8B38D}.Debug|x64.ActiveCfg = Debug|Any CPU
		{5202EE3E-C77E-4799-B841-CD60DBD8B38D}.Debug|x86.ActiveCfg = Debug|Any CPU
		{5202EE3E-C77E-4799-B841-CD60DBD8B38D}.Release|Any CPU.ActiveCfg = Release|Any CPU
		{5202EE3E-C77E-4799-B841-CD60DBD8B38D}.Release|Any CPU.Build.0 = Release|Any CPU
		{5202EE3E-C77E-4799-B841-CD60DBD8B38D}.Release|ARM.ActiveCfg = Release|Any CPU
		{5202EE3E-C77E-4799-B841-CD60DBD8B38D}.Release|x64.ActiveCfg = Release|Any CPU
		{5202EE3E-C77E-4799-B841-CD60DBD8B38D}.Release|x86.ActiveCfg = Release|Any CPU
		{ADBFE2AC-59DA-4F12-8701-6AED991ABE22}.Debug|Any CPU.ActiveCfg = Debug|Any CPU
		{ADBFE2AC-59DA-4F12-8701-6AED991ABE22}.Debug|Any CPU.Build.0 = Debug|Any CPU
		{ADBFE2AC-59DA-4F12-8701-6AED991ABE22}.Debug|ARM.ActiveCfg = Debug|Any CPU
		{ADBFE2AC-59DA-4F12-8701-6AED991ABE22}.Debug|x64.ActiveCfg = Debug|Any CPU
		{ADBFE2AC-59DA-4F12-8701-6AED991ABE22}.Debug|x86.ActiveCfg = Debug|Any CPU
		{ADBFE2AC-59DA-4F12-8701-6AED991ABE22}.Release|Any CPU.ActiveCfg = Release|Any CPU
		{ADBFE2AC-59DA-4F12-8701-6AED991ABE22}.Release|Any CPU.Build.0 = Release|Any CPU
		{ADBFE2AC-59DA-4F12-8701-6AED991ABE22}.Release|ARM.ActiveCfg = Release|Any CPU
		{ADBFE2AC-59DA-4F12-8701-6AED991ABE22}.Release|x64.ActiveCfg = Release|Any CPU
		{ADBFE2AC-59DA-4F12-8701-6AED991ABE22}.Release|x86.ActiveCfg = Release|Any CPU
		{8DC00C72-0107-4774-AAF3-D5CD49B5F66D}.Debug|Any CPU.ActiveCfg = Debug|Any CPU
		{8DC00C72-0107-4774-AAF3-D5CD49B5F66D}.Debug|Any CPU.Build.0 = Debug|Any CPU
		{8DC00C72-0107-4774-AAF3-D5CD49B5F66D}.Debug|ARM.ActiveCfg = Debug|Any CPU
		{8DC00C72-0107-4774-AAF3-D5CD49B5F66D}.Debug|x64.ActiveCfg = Debug|Any CPU
		{8DC00C72-0107-4774-AAF3-D5CD49B5F66D}.Debug|x86.ActiveCfg = Debug|Any CPU
		{8DC00C72-0107-4774-AAF3-D5CD49B5F66D}.Release|Any CPU.ActiveCfg = Release|Any CPU
		{8DC00C72-0107-4774-AAF3-D5CD49B5F66D}.Release|Any CPU.Build.0 = Release|Any CPU
		{8DC00C72-0107-4774-AAF3-D5CD49B5F66D}.Release|ARM.ActiveCfg = Release|Any CPU
		{8DC00C72-0107-4774-AAF3-D5CD49B5F66D}.Release|x64.ActiveCfg = Release|Any CPU
		{8DC00C72-0107-4774-AAF3-D5CD49B5F66D}.Release|x86.ActiveCfg = Release|Any CPU
		{65DBB4BF-2C0E-4689-867A-0629D05BDCFF}.Debug|Any CPU.ActiveCfg = Debug|Any CPU
		{65DBB4BF-2C0E-4689-867A-0629D05BDCFF}.Debug|Any CPU.Build.0 = Debug|Any CPU
		{65DBB4BF-2C0E-4689-867A-0629D05BDCFF}.Debug|ARM.ActiveCfg = Debug|Any CPU
		{65DBB4BF-2C0E-4689-867A-0629D05BDCFF}.Debug|x64.ActiveCfg = Debug|Any CPU
		{65DBB4BF-2C0E-4689-867A-0629D05BDCFF}.Debug|x86.ActiveCfg = Debug|Any CPU
		{65DBB4BF-2C0E-4689-867A-0629D05BDCFF}.Release|Any CPU.ActiveCfg = Release|Any CPU
		{65DBB4BF-2C0E-4689-867A-0629D05BDCFF}.Release|Any CPU.Build.0 = Release|Any CPU
		{65DBB4BF-2C0E-4689-867A-0629D05BDCFF}.Release|ARM.ActiveCfg = Release|Any CPU
		{65DBB4BF-2C0E-4689-867A-0629D05BDCFF}.Release|x64.ActiveCfg = Release|Any CPU
		{65DBB4BF-2C0E-4689-867A-0629D05BDCFF}.Release|x86.ActiveCfg = Release|Any CPU
		{0A64E79D-5E0F-4E19-8FC8-3A0DE0146E5D}.Debug|Any CPU.ActiveCfg = Debug|Any CPU
		{0A64E79D-5E0F-4E19-8FC8-3A0DE0146E5D}.Debug|Any CPU.Build.0 = Debug|Any CPU
		{0A64E79D-5E0F-4E19-8FC8-3A0DE0146E5D}.Debug|ARM.ActiveCfg = Debug|Any CPU
		{0A64E79D-5E0F-4E19-8FC8-3A0DE0146E5D}.Debug|x64.ActiveCfg = Debug|Any CPU
		{0A64E79D-5E0F-4E19-8FC8-3A0DE0146E5D}.Debug|x86.ActiveCfg = Debug|Any CPU
		{0A64E79D-5E0F-4E19-8FC8-3A0DE0146E5D}.Release|Any CPU.ActiveCfg = Release|Any CPU
		{0A64E79D-5E0F-4E19-8FC8-3A0DE0146E5D}.Release|Any CPU.Build.0 = Release|Any CPU
		{0A64E79D-5E0F-4E19-8FC8-3A0DE0146E5D}.Release|ARM.ActiveCfg = Release|Any CPU
		{0A64E79D-5E0F-4E19-8FC8-3A0DE0146E5D}.Release|x64.ActiveCfg = Release|Any CPU
		{0A64E79D-5E0F-4E19-8FC8-3A0DE0146E5D}.Release|x86.ActiveCfg = Release|Any CPU
		{5A3A5C83-8BC0-4954-A335-0761DCA3C6C4}.Debug|Any CPU.ActiveCfg = Debug|Any CPU
		{5A3A5C83-8BC0-4954-A335-0761DCA3C6C4}.Debug|Any CPU.Build.0 = Debug|Any CPU
		{5A3A5C83-8BC0-4954-A335-0761DCA3C6C4}.Debug|ARM.ActiveCfg = Debug|Any CPU
		{5A3A5C83-8BC0-4954-A335-0761DCA3C6C4}.Debug|x64.ActiveCfg = Debug|Any CPU
		{5A3A5C83-8BC0-4954-A335-0761DCA3C6C4}.Debug|x86.ActiveCfg = Debug|Any CPU
		{5A3A5C83-8BC0-4954-A335-0761DCA3C6C4}.Release|Any CPU.ActiveCfg = Release|Any CPU
		{5A3A5C83-8BC0-4954-A335-0761DCA3C6C4}.Release|Any CPU.Build.0 = Release|Any CPU
		{5A3A5C83-8BC0-4954-A335-0761DCA3C6C4}.Release|ARM.ActiveCfg = Release|Any CPU
		{5A3A5C83-8BC0-4954-A335-0761DCA3C6C4}.Release|x64.ActiveCfg = Release|Any CPU
		{5A3A5C83-8BC0-4954-A335-0761DCA3C6C4}.Release|x86.ActiveCfg = Release|Any CPU
		{87D1D3D9-3AF2-46F2-9631-8AD02FDAA6C0}.Debug|Any CPU.ActiveCfg = Debug|Any CPU
		{87D1D3D9-3AF2-46F2-9631-8AD02FDAA6C0}.Debug|Any CPU.Build.0 = Debug|Any CPU
		{87D1D3D9-3AF2-46F2-9631-8AD02FDAA6C0}.Debug|ARM.ActiveCfg = Debug|Any CPU
		{87D1D3D9-3AF2-46F2-9631-8AD02FDAA6C0}.Debug|x64.ActiveCfg = Debug|Any CPU
		{87D1D3D9-3AF2-46F2-9631-8AD02FDAA6C0}.Debug|x86.ActiveCfg = Debug|Any CPU
		{87D1D3D9-3AF2-46F2-9631-8AD02FDAA6C0}.Release|Any CPU.ActiveCfg = Release|Any CPU
		{87D1D3D9-3AF2-46F2-9631-8AD02FDAA6C0}.Release|Any CPU.Build.0 = Release|Any CPU
		{87D1D3D9-3AF2-46F2-9631-8AD02FDAA6C0}.Release|ARM.ActiveCfg = Release|Any CPU
		{87D1D3D9-3AF2-46F2-9631-8AD02FDAA6C0}.Release|x64.ActiveCfg = Release|Any CPU
		{87D1D3D9-3AF2-46F2-9631-8AD02FDAA6C0}.Release|x86.ActiveCfg = Release|Any CPU
		{6106913D-3A25-4C1F-B2F2-D7DAB12600A2}.Debug|Any CPU.ActiveCfg = Debug|x64
		{6106913D-3A25-4C1F-B2F2-D7DAB12600A2}.Debug|Any CPU.Build.0 = Debug|x64
		{6106913D-3A25-4C1F-B2F2-D7DAB12600A2}.Debug|Any CPU.Deploy.0 = Debug|x64
		{6106913D-3A25-4C1F-B2F2-D7DAB12600A2}.Debug|ARM.ActiveCfg = Debug|ARM
		{6106913D-3A25-4C1F-B2F2-D7DAB12600A2}.Debug|ARM.Build.0 = Debug|ARM
		{6106913D-3A25-4C1F-B2F2-D7DAB12600A2}.Debug|ARM.Deploy.0 = Debug|ARM
		{6106913D-3A25-4C1F-B2F2-D7DAB12600A2}.Debug|x64.ActiveCfg = Debug|x64
		{6106913D-3A25-4C1F-B2F2-D7DAB12600A2}.Debug|x64.Build.0 = Debug|x64
		{6106913D-3A25-4C1F-B2F2-D7DAB12600A2}.Debug|x64.Deploy.0 = Debug|x64
		{6106913D-3A25-4C1F-B2F2-D7DAB12600A2}.Debug|x86.ActiveCfg = Debug|x86
		{6106913D-3A25-4C1F-B2F2-D7DAB12600A2}.Debug|x86.Build.0 = Debug|x86
		{6106913D-3A25-4C1F-B2F2-D7DAB12600A2}.Debug|x86.Deploy.0 = Debug|x86
		{6106913D-3A25-4C1F-B2F2-D7DAB12600A2}.Release|Any CPU.ActiveCfg = Release|x86
		{6106913D-3A25-4C1F-B2F2-D7DAB12600A2}.Release|ARM.ActiveCfg = Release|ARM
		{6106913D-3A25-4C1F-B2F2-D7DAB12600A2}.Release|ARM.Build.0 = Release|ARM
		{6106913D-3A25-4C1F-B2F2-D7DAB12600A2}.Release|ARM.Deploy.0 = Release|ARM
		{6106913D-3A25-4C1F-B2F2-D7DAB12600A2}.Release|x64.ActiveCfg = Release|x64
		{6106913D-3A25-4C1F-B2F2-D7DAB12600A2}.Release|x64.Build.0 = Release|x64
		{6106913D-3A25-4C1F-B2F2-D7DAB12600A2}.Release|x64.Deploy.0 = Release|x64
		{6106913D-3A25-4C1F-B2F2-D7DAB12600A2}.Release|x86.ActiveCfg = Release|x86
		{6106913D-3A25-4C1F-B2F2-D7DAB12600A2}.Release|x86.Build.0 = Release|x86
		{6106913D-3A25-4C1F-B2F2-D7DAB12600A2}.Release|x86.Deploy.0 = Release|x86
	EndGlobalSection
	GlobalSection(SolutionProperties) = preSolution
		HideSolutionNode = FALSE
	EndGlobalSection
	GlobalSection(NestedProjects) = preSolution
		{08DCB704-8FF6-4BF5-B852-2F8EECB8C6F6} = {DC5C5CE8-5C49-4AD0-B23D-001FAE539573}
		{7E0BDC20-A490-4DB0-869B-35576D74332F} = {DC5C5CE8-5C49-4AD0-B23D-001FAE539573}
		{F2BF1FA2-30FE-42E3-A60F-33A4D09006E8} = {2F18FBA0-5947-47B6-8053-42E09E867DC2}
		{D78F4068-26A0-47C7-9B3E-DD032535ACE9} = {DC5C5CE8-5C49-4AD0-B23D-001FAE539573}
		{5202EE3E-C77E-4799-B841-CD60DBD8B38D} = {DC5C5CE8-5C49-4AD0-B23D-001FAE539573}
		{ADBFE2AC-59DA-4F12-8701-6AED991ABE22} = {DC5C5CE8-5C49-4AD0-B23D-001FAE539573}
		{8DC00C72-0107-4774-AAF3-D5CD49B5F66D} = {DC5C5CE8-5C49-4AD0-B23D-001FAE539573}
		{65DBB4BF-2C0E-4689-867A-0629D05BDCFF} = {DC5C5CE8-5C49-4AD0-B23D-001FAE539573}
		{0A64E79D-5E0F-4E19-8FC8-3A0DE0146E5D} = {DC5C5CE8-5C49-4AD0-B23D-001FAE539573}
		{5A3A5C83-8BC0-4954-A335-0761DCA3C6C4} = {DC5C5CE8-5C49-4AD0-B23D-001FAE539573}
		{87D1D3D9-3AF2-46F2-9631-8AD02FDAA6C0} = {DC5C5CE8-5C49-4AD0-B23D-001FAE539573}
		{A181FFD1-4D04-47D9-9C42-F337F641C231} = {DC5C5CE8-5C49-4AD0-B23D-001FAE539573}
		{6106913D-3A25-4C1F-B2F2-D7DAB12600A2} = {A181FFD1-4D04-47D9-9C42-F337F641C231}
	EndGlobalSection
EndGlobal
