
Microsoft Visual Studio Solution File, Format Version 12.00
# Visual Studio 2013
VisualStudioVersion = 12.0.31101.0
MinimumVisualStudioVersion = 10.0.40219.1
Project("{2150E333-8FDC-42A3-9474-1A3956D46DE8}") = "source", "source", "{DC5C5CE8-5C49-4AD0-B23D-001FAE539573}"
EndProject
Project("{2150E333-8FDC-42A3-9474-1A3956D46DE8}") = "tests", "tests", "{2F18FBA0-5947-47B6-8053-42E09E867DC2}"
EndProject
Project("{FAE04EC0-301F-11D3-BF4B-00C04F79EFBC}") = "SynoDs.Core.Dal", "source\SynoDs.Core.Dal\SynoDs.Core.Dal.csproj", "{08DCB704-8FF6-4BF5-B852-2F8EECB8C6F6}"
EndProject
Project("{FAE04EC0-301F-11D3-BF4B-00C04F79EFBC}") = "SynoDs.Core.ApiBase", "source\SynoDs.Core.Api\SynoDs.Core.ApiBase.csproj", "{7E0BDC20-A490-4DB0-869B-35576D74332F}"
EndProject
Project("{FAE04EC0-301F-11D3-BF4B-00C04F79EFBC}") = "SynologyTests", "tests\SynologyTests.csproj", "{F2BF1FA2-30FE-42E3-A60F-33A4D09006E8}"
EndProject
Project("{2150E333-8FDC-42A3-9474-1A3956D46DE8}") = ".nuget", ".nuget", "{D6A5A80F-C68C-4D60-AADB-05379A63C22A}"
	ProjectSection(SolutionItems) = preProject
		.nuget\NuGet.Config = .nuget\NuGet.Config
		.nuget\NuGet.exe = .nuget\NuGet.exe
		.nuget\NuGet.targets = .nuget\NuGet.targets
	EndProjectSection
EndProject
Project("{FAE04EC0-301F-11D3-BF4B-00C04F79EFBC}") = "SynoDs.Core.DownloadStation", "source\SynoDs.Core.DownloadStation\SynoDs.Core.DownloadStation.csproj", "{D78F4068-26A0-47C7-9B3E-DD032535ACE9}"
EndProject
Project("{FAE04EC0-301F-11D3-BF4B-00C04F79EFBC}") = "SynoDs.Core.JsonParser", "source\SynoDs.Core.JsonParser\SynoDs.Core.JsonParser.csproj", "{5202EE3E-C77E-4799-B841-CD60DBD8B38D}"
EndProject
Project("{FAE04EC0-301F-11D3-BF4B-00C04F79EFBC}") = "SynoDs.Core.CrossCutting", "source\SynoDs.Core.CrossCutting\SynoDs.Core.CrossCutting.csproj", "{ADBFE2AC-59DA-4F12-8701-6AED991ABE22}"
EndProject
Project("{FAE04EC0-301F-11D3-BF4B-00C04F79EFBC}") = "SynoDs.Core.Exceptions", "source\SynoDs.Core.Exception\SynoDs.Core.Exceptions.csproj", "{8DC00C72-0107-4774-AAF3-D5CD49B5F66D}"
EndProject
Project("{FAE04EC0-301F-11D3-BF4B-00C04F79EFBC}") = "SynoDs.Core.FileStation", "source\SynoDs.Core.FileStation\SynoDs.Core.FileStation.csproj", "{65DBB4BF-2C0E-4689-867A-0629D05BDCFF}"
EndProject
Project("{FAE04EC0-301F-11D3-BF4B-00C04F79EFBC}") = "SynoDs.Core.Contracts", "source\SynoDs.Core.Contracts\SynoDs.Core.Contracts.csproj", "{0A64E79D-5E0F-4E19-8FC8-3A0DE0146E5D}"
EndProject
Project("{FAE04EC0-301F-11D3-BF4B-00C04F79EFBC}") = "SynoDs.Core.ErrorProvider", "source\SynoDs.Core.ErrorProvider\SynoDs.Core.ErrorProvider\SynoDs.Core.ErrorProvider.csproj", "{5A3A5C83-8BC0-4954-A335-0761DCA3C6C4}"
EndProject
Project("{FAE04EC0-301F-11D3-BF4B-00C04F79EFBC}") = "SynoDs.Core.AttributeReader", "source\SynoDs.Core.AttributeReader\SynoDs.Core.AttributeReader.csproj", "{87D1D3D9-3AF2-46F2-9631-8AD02FDAA6C0}"
EndProject
Project("{FAE04EC0-301F-11D3-BF4B-00C04F79EFBC}") = "SynoDs.WPF.Client", "source\SynoDs.Wpf.Client\SynoDs.WPF.Client\SynoDs.WPF.Client.csproj", "{78E5319E-46D3-46D4-B17E-FC296150C191}"
EndProject
Project("{2150E333-8FDC-42A3-9474-1A3956D46DE8}") = "SynoDs.Universal", "SynoDs.Universal", "{A181FFD1-4D04-47D9-9C42-F337F641C231}"
EndProject
Project("{D954291E-2A0B-460D-934E-DC6B0785DB48}") = "SynoDs.Universal.Shared", "source\SynoDs.Universal\SynoDs.Universal.Shared\SynoDs.Universal.Shared.shproj", "{13C0D8AE-BC9E-4568-BBC4-119D00CB5A91}"
EndProject
Project("{FAE04EC0-301F-11D3-BF4B-00C04F79EFBC}") = "SynoDs.Universal.Windows", "source\SynoDs.Universal\SynoDs.Universal.Windows\SynoDs.Universal.Windows.csproj", "{8DC256E3-847A-4142-A9ED-BB84777D239B}"
EndProject
Project("{FAE04EC0-301F-11D3-BF4B-00C04F79EFBC}") = "SynoDs.Universal.WindowsPhone", "source\SynoDs.Universal\SynoDs.Universal.WindowsPhone\SynoDs.Universal.WindowsPhone.csproj", "{FE0102B8-9A94-49F0-8857-F6146D4B7E42}"
EndProject
Project("{2150E333-8FDC-42A3-9474-1A3956D46DE8}") = "Test", "Test", "{66F494F7-7373-43F6-963B-CFE0B425C945}"
EndProject
Project("{D954291E-2A0B-460D-934E-DC6B0785DB48}") = "Test.Shared", "Test\Test.Shared\Test.Shared.shproj", "{20A0D3C8-205B-43FA-A9A3-FB80E2F5C21B}"
EndProject
Project("{FAE04EC0-301F-11D3-BF4B-00C04F79EFBC}") = "Test.Windows", "Test\Test.Windows\Test.Windows.csproj", "{26F80933-1ECA-4047-8867-826E9486321E}"
EndProject
Project("{FAE04EC0-301F-11D3-BF4B-00C04F79EFBC}") = "Test.WindowsPhone", "Test\Test.WindowsPhone\Test.WindowsPhone.csproj", "{81FD8523-19F2-4728-87BB-5228926F7AB0}"
EndProject
Global
	GlobalSection(SharedMSBuildProjectFiles) = preSolution
		source\SynoDs.Universal\SynoDs.Universal.Shared\SynoDs.Universal.Shared.projitems*{fe0102b8-9a94-49f0-8857-f6146d4b7e42}*SharedItemsImports = 4
		source\SynoDs.Universal\SynoDs.Universal.Shared\SynoDs.Universal.Shared.projitems*{8dc256e3-847a-4142-a9ed-bb84777d239b}*SharedItemsImports = 4
		Test\Test.Shared\Test.Shared.projitems*{26f80933-1eca-4047-8867-826e9486321e}*SharedItemsImports = 4
		source\SynoDs.Universal\SynoDs.Universal.Shared\SynoDs.Universal.Shared.projitems*{13c0d8ae-bc9e-4568-bbc4-119d00cb5a91}*SharedItemsImports = 13
		Test\Test.Shared\Test.Shared.projitems*{81fd8523-19f2-4728-87bb-5228926f7ab0}*SharedItemsImports = 4
		Test\Test.Shared\Test.Shared.projitems*{20a0d3c8-205b-43fa-a9a3-fb80e2f5c21b}*SharedItemsImports = 13
	EndGlobalSection
	GlobalSection(SolutionConfigurationPlatforms) = preSolution
		Debug|Any CPU = Debug|Any CPU
		Debug|ARM = Debug|ARM
		Debug|x64 = Debug|x64
		Debug|x86 = Debug|x86
		Release|Any CPU = Release|Any CPU
		Release|ARM = Release|ARM
		Release|x64 = Release|x64
		Release|x86 = Release|x86
	EndGlobalSection
	GlobalSection(ProjectConfigurationPlatforms) = postSolution
		{08DCB704-8FF6-4BF5-B852-2F8EECB8C6F6}.Debug|Any CPU.ActiveCfg = Debug|Any CPU
		{08DCB704-8FF6-4BF5-B852-2F8EECB8C6F6}.Debug|Any CPU.Build.0 = Debug|Any CPU
		{08DCB704-8FF6-4BF5-B852-2F8EECB8C6F6}.Debug|ARM.ActiveCfg = Debug|Any CPU
		{08DCB704-8FF6-4BF5-B852-2F8EECB8C6F6}.Debug|x64.ActiveCfg = Debug|Any CPU
		{08DCB704-8FF6-4BF5-B852-2F8EECB8C6F6}.Debug|x86.ActiveCfg = Debug|Any CPU
		{08DCB704-8FF6-4BF5-B852-2F8EECB8C6F6}.Release|Any CPU.ActiveCfg = Release|Any CPU
		{08DCB704-8FF6-4BF5-B852-2F8EECB8C6F6}.Release|Any CPU.Build.0 = Release|Any CPU
		{08DCB704-8FF6-4BF5-B852-2F8EECB8C6F6}.Release|ARM.ActiveCfg = Release|Any CPU
		{08DCB704-8FF6-4BF5-B852-2F8EECB8C6F6}.Release|x64.ActiveCfg = Release|Any CPU
		{08DCB704-8FF6-4BF5-B852-2F8EECB8C6F6}.Release|x86.ActiveCfg = Release|Any CPU
		{7E0BDC20-A490-4DB0-869B-35576D74332F}.Debug|Any CPU.ActiveCfg = Debug|Any CPU
		{7E0BDC20-A490-4DB0-869B-35576D74332F}.Debug|Any CPU.Build.0 = Debug|Any CPU
		{7E0BDC20-A490-4DB0-869B-35576D74332F}.Debug|ARM.ActiveCfg = Debug|Any CPU
		{7E0BDC20-A490-4DB0-869B-35576D74332F}.Debug|x64.ActiveCfg = Debug|Any CPU
		{7E0BDC20-A490-4DB0-869B-35576D74332F}.Debug|x86.ActiveCfg = Debug|Any CPU
		{7E0BDC20-A490-4DB0-869B-35576D74332F}.Release|Any CPU.ActiveCfg = Release|Any CPU
		{7E0BDC20-A490-4DB0-869B-35576D74332F}.Release|Any CPU.Build.0 = Release|Any CPU
		{7E0BDC20-A490-4DB0-869B-35576D74332F}.Release|ARM.ActiveCfg = Release|Any CPU
		{7E0BDC20-A490-4DB0-869B-35576D74332F}.Release|x64.ActiveCfg = Release|Any CPU
		{7E0BDC20-A490-4DB0-869B-35576D74332F}.Release|x86.ActiveCfg = Release|Any CPU
		{F2BF1FA2-30FE-42E3-A60F-33A4D09006E8}.Debug|Any CPU.ActiveCfg = Debug|Any CPU
		{F2BF1FA2-30FE-42E3-A60F-33A4D09006E8}.Debug|Any CPU.Build.0 = Debug|Any CPU
		{F2BF1FA2-30FE-42E3-A60F-33A4D09006E8}.Debug|ARM.ActiveCfg = Debug|Any CPU
		{F2BF1FA2-30FE-42E3-A60F-33A4D09006E8}.Debug|x64.ActiveCfg = Debug|Any CPU
		{F2BF1FA2-30FE-42E3-A60F-33A4D09006E8}.Debug|x86.ActiveCfg = Debug|Any CPU
		{F2BF1FA2-30FE-42E3-A60F-33A4D09006E8}.Release|Any CPU.ActiveCfg = Release|Any CPU
		{F2BF1FA2-30FE-42E3-A60F-33A4D09006E8}.Release|Any CPU.Build.0 = Release|Any CPU
		{F2BF1FA2-30FE-42E3-A60F-33A4D09006E8}.Release|ARM.ActiveCfg = Release|Any CPU
		{F2BF1FA2-30FE-42E3-A60F-33A4D09006E8}.Release|x64.ActiveCfg = Release|Any CPU
		{F2BF1FA2-30FE-42E3-A60F-33A4D09006E8}.Release|x86.ActiveCfg = Release|Any CPU
		{D78F4068-26A0-47C7-9B3E-DD032535ACE9}.Debug|Any CPU.ActiveCfg = Debug|Any CPU
		{D78F4068-26A0-47C7-9B3E-DD032535ACE9}.Debug|Any CPU.Build.0 = Debug|Any CPU
		{D78F4068-26A0-47C7-9B3E-DD032535ACE9}.Debug|ARM.ActiveCfg = Debug|Any CPU
		{D78F4068-26A0-47C7-9B3E-DD032535ACE9}.Debug|x64.ActiveCfg = Debug|Any CPU
		{D78F4068-26A0-47C7-9B3E-DD032535ACE9}.Debug|x86.ActiveCfg = Debug|Any CPU
		{D78F4068-26A0-47C7-9B3E-DD032535ACE9}.Release|Any CPU.ActiveCfg = Release|Any CPU
		{D78F4068-26A0-47C7-9B3E-DD032535ACE9}.Release|Any CPU.Build.0 = Release|Any CPU
		{D78F4068-26A0-47C7-9B3E-DD032535ACE9}.Release|ARM.ActiveCfg = Release|Any CPU
		{D78F4068-26A0-47C7-9B3E-DD032535ACE9}.Release|x64.ActiveCfg = Release|Any CPU
		{D78F4068-26A0-47C7-9B3E-DD032535ACE9}.Release|x86.ActiveCfg = Release|Any CPU
		{5202EE3E-C77E-4799-B841-CD60DBD8B38D}.Debug|Any CPU.ActiveCfg = Debug|Any CPU
		{5202EE3E-C77E-4799-B841-CD60DBD8B38D}.Debug|Any CPU.Build.0 = Debug|Any CPU
		{5202EE3E-C77E-4799-B841-CD60DBD8B38D}.Debug|ARM.ActiveCfg = Debug|Any CPU
		{5202EE3E-C77E-4799-B841-CD60DBD8B38D}.Debug|x64.ActiveCfg = Debug|Any CPU
		{5202EE3E-C77E-4799-B841-CD60DBD8B38D}.Debug|x86.ActiveCfg = Debug|Any CPU
		{5202EE3E-C77E-4799-B841-CD60DBD8B38D}.Release|Any CPU.ActiveCfg = Release|Any CPU
		{5202EE3E-C77E-4799-B841-CD60DBD8B38D}.Release|Any CPU.Build.0 = Release|Any CPU
		{5202EE3E-C77E-4799-B841-CD60DBD8B38D}.Release|ARM.ActiveCfg = Release|Any CPU
		{5202EE3E-C77E-4799-B841-CD60DBD8B38D}.Release|x64.ActiveCfg = Release|Any CPU
		{5202EE3E-C77E-4799-B841-CD60DBD8B38D}.Release|x86.ActiveCfg = Release|Any CPU
		{ADBFE2AC-59DA-4F12-8701-6AED991ABE22}.Debug|Any CPU.ActiveCfg = Debug|Any CPU
		{ADBFE2AC-59DA-4F12-8701-6AED991ABE22}.Debug|Any CPU.Build.0 = Debug|Any CPU
		{ADBFE2AC-59DA-4F12-8701-6AED991ABE22}.Debug|ARM.ActiveCfg = Debug|Any CPU
		{ADBFE2AC-59DA-4F12-8701-6AED991ABE22}.Debug|x64.ActiveCfg = Debug|Any CPU
		{ADBFE2AC-59DA-4F12-8701-6AED991ABE22}.Debug|x86.ActiveCfg = Debug|Any CPU
		{ADBFE2AC-59DA-4F12-8701-6AED991ABE22}.Release|Any CPU.ActiveCfg = Release|Any CPU
		{ADBFE2AC-59DA-4F12-8701-6AED991ABE22}.Release|Any CPU.Build.0 = Release|Any CPU
		{ADBFE2AC-59DA-4F12-8701-6AED991ABE22}.Release|ARM.ActiveCfg = Release|Any CPU
		{ADBFE2AC-59DA-4F12-8701-6AED991ABE22}.Release|x64.ActiveCfg = Release|Any CPU
		{ADBFE2AC-59DA-4F12-8701-6AED991ABE22}.Release|x86.ActiveCfg = Release|Any CPU
		{8DC00C72-0107-4774-AAF3-D5CD49B5F66D}.Debug|Any CPU.ActiveCfg = Debug|Any CPU
		{8DC00C72-0107-4774-AAF3-D5CD49B5F66D}.Debug|Any CPU.Build.0 = Debug|Any CPU
		{8DC00C72-0107-4774-AAF3-D5CD49B5F66D}.Debug|ARM.ActiveCfg = Debug|Any CPU
		{8DC00C72-0107-4774-AAF3-D5CD49B5F66D}.Debug|x64.ActiveCfg = Debug|Any CPU
		{8DC00C72-0107-4774-AAF3-D5CD49B5F66D}.Debug|x86.ActiveCfg = Debug|Any CPU
		{8DC00C72-0107-4774-AAF3-D5CD49B5F66D}.Release|Any CPU.ActiveCfg = Release|Any CPU
		{8DC00C72-0107-4774-AAF3-D5CD49B5F66D}.Release|Any CPU.Build.0 = Release|Any CPU
		{8DC00C72-0107-4774-AAF3-D5CD49B5F66D}.Release|ARM.ActiveCfg = Release|Any CPU
		{8DC00C72-0107-4774-AAF3-D5CD49B5F66D}.Release|x64.ActiveCfg = Release|Any CPU
		{8DC00C72-0107-4774-AAF3-D5CD49B5F66D}.Release|x86.ActiveCfg = Release|Any CPU
		{65DBB4BF-2C0E-4689-867A-0629D05BDCFF}.Debug|Any CPU.ActiveCfg = Debug|Any CPU
		{65DBB4BF-2C0E-4689-867A-0629D05BDCFF}.Debug|Any CPU.Build.0 = Debug|Any CPU
		{65DBB4BF-2C0E-4689-867A-0629D05BDCFF}.Debug|ARM.ActiveCfg = Debug|Any CPU
		{65DBB4BF-2C0E-4689-867A-0629D05BDCFF}.Debug|x64.ActiveCfg = Debug|Any CPU
		{65DBB4BF-2C0E-4689-867A-0629D05BDCFF}.Debug|x86.ActiveCfg = Debug|Any CPU
		{65DBB4BF-2C0E-4689-867A-0629D05BDCFF}.Release|Any CPU.ActiveCfg = Release|Any CPU
		{65DBB4BF-2C0E-4689-867A-0629D05BDCFF}.Release|Any CPU.Build.0 = Release|Any CPU
		{65DBB4BF-2C0E-4689-867A-0629D05BDCFF}.Release|ARM.ActiveCfg = Release|Any CPU
		{65DBB4BF-2C0E-4689-867A-0629D05BDCFF}.Release|x64.ActiveCfg = Release|Any CPU
		{65DBB4BF-2C0E-4689-867A-0629D05BDCFF}.Release|x86.ActiveCfg = Release|Any CPU
		{0A64E79D-5E0F-4E19-8FC8-3A0DE0146E5D}.Debug|Any CPU.ActiveCfg = Debug|Any CPU
		{0A64E79D-5E0F-4E19-8FC8-3A0DE0146E5D}.Debug|Any CPU.Build.0 = Debug|Any CPU
		{0A64E79D-5E0F-4E19-8FC8-3A0DE0146E5D}.Debug|ARM.ActiveCfg = Debug|Any CPU
		{0A64E79D-5E0F-4E19-8FC8-3A0DE0146E5D}.Debug|x64.ActiveCfg = Debug|Any CPU
		{0A64E79D-5E0F-4E19-8FC8-3A0DE0146E5D}.Debug|x86.ActiveCfg = Debug|Any CPU
		{0A64E79D-5E0F-4E19-8FC8-3A0DE0146E5D}.Release|Any CPU.ActiveCfg = Release|Any CPU
		{0A64E79D-5E0F-4E19-8FC8-3A0DE0146E5D}.Release|Any CPU.Build.0 = Release|Any CPU
		{0A64E79D-5E0F-4E19-8FC8-3A0DE0146E5D}.Release|ARM.ActiveCfg = Release|Any CPU
		{0A64E79D-5E0F-4E19-8FC8-3A0DE0146E5D}.Release|x64.ActiveCfg = Release|Any CPU
		{0A64E79D-5E0F-4E19-8FC8-3A0DE0146E5D}.Release|x86.ActiveCfg = Release|Any CPU
		{5A3A5C83-8BC0-4954-A335-0761DCA3C6C4}.Debug|Any CPU.ActiveCfg = Debug|Any CPU
		{5A3A5C83-8BC0-4954-A335-0761DCA3C6C4}.Debug|Any CPU.Build.0 = Debug|Any CPU
		{5A3A5C83-8BC0-4954-A335-0761DCA3C6C4}.Debug|ARM.ActiveCfg = Debug|Any CPU
		{5A3A5C83-8BC0-4954-A335-0761DCA3C6C4}.Debug|x64.ActiveCfg = Debug|Any CPU
		{5A3A5C83-8BC0-4954-A335-0761DCA3C6C4}.Debug|x86.ActiveCfg = Debug|Any CPU
		{5A3A5C83-8BC0-4954-A335-0761DCA3C6C4}.Release|Any CPU.ActiveCfg = Release|Any CPU
		{5A3A5C83-8BC0-4954-A335-0761DCA3C6C4}.Release|Any CPU.Build.0 = Release|Any CPU
		{5A3A5C83-8BC0-4954-A335-0761DCA3C6C4}.Release|ARM.ActiveCfg = Release|Any CPU
		{5A3A5C83-8BC0-4954-A335-0761DCA3C6C4}.Release|x64.ActiveCfg = Release|Any CPU
		{5A3A5C83-8BC0-4954-A335-0761DCA3C6C4}.Release|x86.ActiveCfg = Release|Any CPU
		{87D1D3D9-3AF2-46F2-9631-8AD02FDAA6C0}.Debug|Any CPU.ActiveCfg = Debug|Any CPU
		{87D1D3D9-3AF2-46F2-9631-8AD02FDAA6C0}.Debug|Any CPU.Build.0 = Debug|Any CPU
		{87D1D3D9-3AF2-46F2-9631-8AD02FDAA6C0}.Debug|ARM.ActiveCfg = Debug|Any CPU
		{87D1D3D9-3AF2-46F2-9631-8AD02FDAA6C0}.Debug|x64.ActiveCfg = Debug|Any CPU
		{87D1D3D9-3AF2-46F2-9631-8AD02FDAA6C0}.Debug|x86.ActiveCfg = Debug|Any CPU
		{87D1D3D9-3AF2-46F2-9631-8AD02FDAA6C0}.Release|Any CPU.ActiveCfg = Release|Any CPU
		{87D1D3D9-3AF2-46F2-9631-8AD02FDAA6C0}.Release|Any CPU.Build.0 = Release|Any CPU
		{87D1D3D9-3AF2-46F2-9631-8AD02FDAA6C0}.Release|ARM.ActiveCfg = Release|Any CPU
		{87D1D3D9-3AF2-46F2-9631-8AD02FDAA6C0}.Release|x64.ActiveCfg = Release|Any CPU
		{87D1D3D9-3AF2-46F2-9631-8AD02FDAA6C0}.Release|x86.ActiveCfg = Release|Any CPU
		{78E5319E-46D3-46D4-B17E-FC296150C191}.Debug|Any CPU.ActiveCfg = Debug|Any CPU
		{78E5319E-46D3-46D4-B17E-FC296150C191}.Debug|Any CPU.Build.0 = Debug|Any CPU
		{78E5319E-46D3-46D4-B17E-FC296150C191}.Debug|ARM.ActiveCfg = Debug|Any CPU
		{78E5319E-46D3-46D4-B17E-FC296150C191}.Debug|x64.ActiveCfg = Debug|Any CPU
		{78E5319E-46D3-46D4-B17E-FC296150C191}.Debug|x86.ActiveCfg = Debug|Any CPU
		{78E5319E-46D3-46D4-B17E-FC296150C191}.Release|Any CPU.ActiveCfg = Release|Any CPU
		{78E5319E-46D3-46D4-B17E-FC296150C191}.Release|Any CPU.Build.0 = Release|Any CPU
		{78E5319E-46D3-46D4-B17E-FC296150C191}.Release|ARM.ActiveCfg = Release|Any CPU
		{78E5319E-46D3-46D4-B17E-FC296150C191}.Release|x64.ActiveCfg = Release|Any CPU
		{78E5319E-46D3-46D4-B17E-FC296150C191}.Release|x86.ActiveCfg = Release|Any CPU
		{8DC256E3-847A-4142-A9ED-BB84777D239B}.Debug|Any CPU.ActiveCfg = Debug|Any CPU
		{8DC256E3-847A-4142-A9ED-BB84777D239B}.Debug|Any CPU.Build.0 = Debug|Any CPU
		{8DC256E3-847A-4142-A9ED-BB84777D239B}.Debug|Any CPU.Deploy.0 = Debug|Any CPU
		{8DC256E3-847A-4142-A9ED-BB84777D239B}.Debug|ARM.ActiveCfg = Debug|ARM
		{8DC256E3-847A-4142-A9ED-BB84777D239B}.Debug|ARM.Build.0 = Debug|ARM
		{8DC256E3-847A-4142-A9ED-BB84777D239B}.Debug|ARM.Deploy.0 = Debug|ARM
		{8DC256E3-847A-4142-A9ED-BB84777D239B}.Debug|x64.ActiveCfg = Debug|x64
		{8DC256E3-847A-4142-A9ED-BB84777D239B}.Debug|x64.Build.0 = Debug|x64
		{8DC256E3-847A-4142-A9ED-BB84777D239B}.Debug|x64.Deploy.0 = Debug|x64
		{8DC256E3-847A-4142-A9ED-BB84777D239B}.Debug|x86.ActiveCfg = Debug|x86
		{8DC256E3-847A-4142-A9ED-BB84777D239B}.Debug|x86.Build.0 = Debug|x86
		{8DC256E3-847A-4142-A9ED-BB84777D239B}.Debug|x86.Deploy.0 = Debug|x86
		{8DC256E3-847A-4142-A9ED-BB84777D239B}.Release|Any CPU.ActiveCfg = Release|Any CPU
		{8DC256E3-847A-4142-A9ED-BB84777D239B}.Release|Any CPU.Build.0 = Release|Any CPU
		{8DC256E3-847A-4142-A9ED-BB84777D239B}.Release|Any CPU.Deploy.0 = Release|Any CPU
		{8DC256E3-847A-4142-A9ED-BB84777D239B}.Release|ARM.ActiveCfg = Release|ARM
		{8DC256E3-847A-4142-A9ED-BB84777D239B}.Release|ARM.Build.0 = Release|ARM
		{8DC256E3-847A-4142-A9ED-BB84777D239B}.Release|ARM.Deploy.0 = Release|ARM
		{8DC256E3-847A-4142-A9ED-BB84777D239B}.Release|x64.ActiveCfg = Release|x64
		{8DC256E3-847A-4142-A9ED-BB84777D239B}.Release|x64.Build.0 = Release|x64
		{8DC256E3-847A-4142-A9ED-BB84777D239B}.Release|x64.Deploy.0 = Release|x64
		{8DC256E3-847A-4142-A9ED-BB84777D239B}.Release|x86.ActiveCfg = Release|x86
		{8DC256E3-847A-4142-A9ED-BB84777D239B}.Release|x86.Build.0 = Release|x86
		{8DC256E3-847A-4142-A9ED-BB84777D239B}.Release|x86.Deploy.0 = Release|x86
		{FE0102B8-9A94-49F0-8857-F6146D4B7E42}.Debug|Any CPU.ActiveCfg = Debug|Any CPU
		{FE0102B8-9A94-49F0-8857-F6146D4B7E42}.Debug|Any CPU.Build.0 = Debug|Any CPU
		{FE0102B8-9A94-49F0-8857-F6146D4B7E42}.Debug|Any CPU.Deploy.0 = Debug|Any CPU
		{FE0102B8-9A94-49F0-8857-F6146D4B7E42}.Debug|ARM.ActiveCfg = Debug|ARM
		{FE0102B8-9A94-49F0-8857-F6146D4B7E42}.Debug|ARM.Build.0 = Debug|ARM
		{FE0102B8-9A94-49F0-8857-F6146D4B7E42}.Debug|ARM.Deploy.0 = Debug|ARM
		{FE0102B8-9A94-49F0-8857-F6146D4B7E42}.Debug|x64.ActiveCfg = Debug|Any CPU
		{FE0102B8-9A94-49F0-8857-F6146D4B7E42}.Debug|x86.ActiveCfg = Debug|x86
		{FE0102B8-9A94-49F0-8857-F6146D4B7E42}.Debug|x86.Build.0 = Debug|x86
		{FE0102B8-9A94-49F0-8857-F6146D4B7E42}.Debug|x86.Deploy.0 = Debug|x86
		{FE0102B8-9A94-49F0-8857-F6146D4B7E42}.Release|Any CPU.ActiveCfg = Release|Any CPU
		{FE0102B8-9A94-49F0-8857-F6146D4B7E42}.Release|Any CPU.Build.0 = Release|Any CPU
		{FE0102B8-9A94-49F0-8857-F6146D4B7E42}.Release|Any CPU.Deploy.0 = Release|Any CPU
		{FE0102B8-9A94-49F0-8857-F6146D4B7E42}.Release|ARM.ActiveCfg = Release|ARM
		{FE0102B8-9A94-49F0-8857-F6146D4B7E42}.Release|ARM.Build.0 = Release|ARM
		{FE0102B8-9A94-49F0-8857-F6146D4B7E42}.Release|ARM.Deploy.0 = Release|ARM
		{FE0102B8-9A94-49F0-8857-F6146D4B7E42}.Release|x64.ActiveCfg = Release|Any CPU
		{FE0102B8-9A94-49F0-8857-F6146D4B7E42}.Release|x86.ActiveCfg = Release|x86
		{FE0102B8-9A94-49F0-8857-F6146D4B7E42}.Release|x86.Build.0 = Release|x86
		{FE0102B8-9A94-49F0-8857-F6146D4B7E42}.Release|x86.Deploy.0 = Release|x86
		{26F80933-1ECA-4047-8867-826E9486321E}.Debug|Any CPU.ActiveCfg = Debug|Any CPU
		{26F80933-1ECA-4047-8867-826E9486321E}.Debug|Any CPU.Build.0 = Debug|Any CPU
		{26F80933-1ECA-4047-8867-826E9486321E}.Debug|Any CPU.Deploy.0 = Debug|Any CPU
		{26F80933-1ECA-4047-8867-826E9486321E}.Debug|ARM.ActiveCfg = Debug|ARM
		{26F80933-1ECA-4047-8867-826E9486321E}.Debug|ARM.Build.0 = Debug|ARM
		{26F80933-1ECA-4047-8867-826E9486321E}.Debug|ARM.Deploy.0 = Debug|ARM
		{26F80933-1ECA-4047-8867-826E9486321E}.Debug|x64.ActiveCfg = Debug|x64
		{26F80933-1ECA-4047-8867-826E9486321E}.Debug|x64.Build.0 = Debug|x64
		{26F80933-1ECA-4047-8867-826E9486321E}.Debug|x64.Deploy.0 = Debug|x64
		{26F80933-1ECA-4047-8867-826E9486321E}.Debug|x86.ActiveCfg = Debug|x86
		{26F80933-1ECA-4047-8867-826E9486321E}.Debug|x86.Build.0 = Debug|x86
		{26F80933-1ECA-4047-8867-826E9486321E}.Debug|x86.Deploy.0 = Debug|x86
		{26F80933-1ECA-4047-8867-826E9486321E}.Release|Any CPU.ActiveCfg = Release|Any CPU
		{26F80933-1ECA-4047-8867-826E9486321E}.Release|Any CPU.Build.0 = Release|Any CPU
		{26F80933-1ECA-4047-8867-826E9486321E}.Release|Any CPU.Deploy.0 = Release|Any CPU
		{26F80933-1ECA-4047-8867-826E9486321E}.Release|ARM.ActiveCfg = Release|ARM
		{26F80933-1ECA-4047-8867-826E9486321E}.Release|ARM.Build.0 = Release|ARM
		{26F80933-1ECA-4047-8867-826E9486321E}.Release|ARM.Deploy.0 = Release|ARM
		{26F80933-1ECA-4047-8867-826E9486321E}.Release|x64.ActiveCfg = Release|x64
		{26F80933-1ECA-4047-8867-826E9486321E}.Release|x64.Build.0 = Release|x64
		{26F80933-1ECA-4047-8867-826E9486321E}.Release|x64.Deploy.0 = Release|x64
		{26F80933-1ECA-4047-8867-826E9486321E}.Release|x86.ActiveCfg = Release|x86
		{26F80933-1ECA-4047-8867-826E9486321E}.Release|x86.Build.0 = Release|x86
		{26F80933-1ECA-4047-8867-826E9486321E}.Release|x86.Deploy.0 = Release|x86
		{81FD8523-19F2-4728-87BB-5228926F7AB0}.Debug|Any CPU.ActiveCfg = Debug|Any CPU
		{81FD8523-19F2-4728-87BB-5228926F7AB0}.Debug|Any CPU.Build.0 = Debug|Any CPU
		{81FD8523-19F2-4728-87BB-5228926F7AB0}.Debug|Any CPU.Deploy.0 = Debug|Any CPU
		{81FD8523-19F2-4728-87BB-5228926F7AB0}.Debug|ARM.ActiveCfg = Debug|ARM
		{81FD8523-19F2-4728-87BB-5228926F7AB0}.Debug|ARM.Build.0 = Debug|ARM
		{81FD8523-19F2-4728-87BB-5228926F7AB0}.Debug|ARM.Deploy.0 = Debug|ARM
		{81FD8523-19F2-4728-87BB-5228926F7AB0}.Debug|x64.ActiveCfg = Debug|Any CPU
		{81FD8523-19F2-4728-87BB-5228926F7AB0}.Debug|x86.ActiveCfg = Debug|x86
		{81FD8523-19F2-4728-87BB-5228926F7AB0}.Debug|x86.Build.0 = Debug|x86
		{81FD8523-19F2-4728-87BB-5228926F7AB0}.Debug|x86.Deploy.0 = Debug|x86
		{81FD8523-19F2-4728-87BB-5228926F7AB0}.Release|Any CPU.ActiveCfg = Release|Any CPU
		{81FD8523-19F2-4728-87BB-5228926F7AB0}.Release|Any CPU.Build.0 = Release|Any CPU
		{81FD8523-19F2-4728-87BB-5228926F7AB0}.Release|Any CPU.Deploy.0 = Release|Any CPU
		{81FD8523-19F2-4728-87BB-5228926F7AB0}.Release|ARM.ActiveCfg = Release|ARM
		{81FD8523-19F2-4728-87BB-5228926F7AB0}.Release|ARM.Build.0 = Release|ARM
		{81FD8523-19F2-4728-87BB-5228926F7AB0}.Release|ARM.Deploy.0 = Release|ARM
		{81FD8523-19F2-4728-87BB-5228926F7AB0}.Release|x64.ActiveCfg = Release|Any CPU
		{81FD8523-19F2-4728-87BB-5228926F7AB0}.Release|x86.ActiveCfg = Release|x86
		{81FD8523-19F2-4728-87BB-5228926F7AB0}.Release|x86.Build.0 = Release|x86
		{81FD8523-19F2-4728-87BB-5228926F7AB0}.Release|x86.Deploy.0 = Release|x86
	EndGlobalSection
	GlobalSection(SolutionProperties) = preSolution
		HideSolutionNode = FALSE
	EndGlobalSection
	GlobalSection(NestedProjects) = preSolution
		{08DCB704-8FF6-4BF5-B852-2F8EECB8C6F6} = {DC5C5CE8-5C49-4AD0-B23D-001FAE539573}
		{7E0BDC20-A490-4DB0-869B-35576D74332F} = {DC5C5CE8-5C49-4AD0-B23D-001FAE539573}
		{F2BF1FA2-30FE-42E3-A60F-33A4D09006E8} = {2F18FBA0-5947-47B6-8053-42E09E867DC2}
		{D78F4068-26A0-47C7-9B3E-DD032535ACE9} = {DC5C5CE8-5C49-4AD0-B23D-001FAE539573}
		{5202EE3E-C77E-4799-B841-CD60DBD8B38D} = {DC5C5CE8-5C49-4AD0-B23D-001FAE539573}
		{ADBFE2AC-59DA-4F12-8701-6AED991ABE22} = {DC5C5CE8-5C49-4AD0-B23D-001FAE539573}
		{8DC00C72-0107-4774-AAF3-D5CD49B5F66D} = {DC5C5CE8-5C49-4AD0-B23D-001FAE539573}
		{65DBB4BF-2C0E-4689-867A-0629D05BDCFF} = {DC5C5CE8-5C49-4AD0-B23D-001FAE539573}
		{0A64E79D-5E0F-4E19-8FC8-3A0DE0146E5D} = {DC5C5CE8-5C49-4AD0-B23D-001FAE539573}
		{5A3A5C83-8BC0-4954-A335-0761DCA3C6C4} = {DC5C5CE8-5C49-4AD0-B23D-001FAE539573}
		{87D1D3D9-3AF2-46F2-9631-8AD02FDAA6C0} = {DC5C5CE8-5C49-4AD0-B23D-001FAE539573}
		{78E5319E-46D3-46D4-B17E-FC296150C191} = {DC5C5CE8-5C49-4AD0-B23D-001FAE539573}
		{A181FFD1-4D04-47D9-9C42-F337F641C231} = {DC5C5CE8-5C49-4AD0-B23D-001FAE539573}
		{13C0D8AE-BC9E-4568-BBC4-119D00CB5A91} = {A181FFD1-4D04-47D9-9C42-F337F641C231}
		{8DC256E3-847A-4142-A9ED-BB84777D239B} = {A181FFD1-4D04-47D9-9C42-F337F641C231}
		{FE0102B8-9A94-49F0-8857-F6146D4B7E42} = {A181FFD1-4D04-47D9-9C42-F337F641C231}
		{66F494F7-7373-43F6-963B-CFE0B425C945} = {A181FFD1-4D04-47D9-9C42-F337F641C231}
		{20A0D3C8-205B-43FA-A9A3-FB80E2F5C21B} = {66F494F7-7373-43F6-963B-CFE0B425C945}
		{26F80933-1ECA-4047-8867-826E9486321E} = {66F494F7-7373-43F6-963B-CFE0B425C945}
		{81FD8523-19F2-4728-87BB-5228926F7AB0} = {66F494F7-7373-43F6-963B-CFE0B425C945}
	EndGlobalSection
EndGlobal
