
Microsoft Visual Studio Solution File, Format Version 12.00
# Visual Studio 2013
VisualStudioVersion = 12.0.30723.0
MinimumVisualStudioVersion = 10.0.40219.1
Project("{2150E333-8FDC-42A3-9474-1A3956D46DE8}") = "source", "source", "{DC5C5CE8-5C49-4AD0-B23D-001FAE539573}"
EndProject
Project("{2150E333-8FDC-42A3-9474-1A3956D46DE8}") = "tests", "tests", "{2F18FBA0-5947-47B6-8053-42E09E867DC2}"
EndProject
Project("{FAE04EC0-301F-11D3-BF4B-00C04F79EFBC}") = "SynoDs.Core.Dal", "source\SynoDs.Core.Dal\SynoDs.Core.Dal.csproj", "{08DCB704-8FF6-4BF5-B852-2F8EECB8C6F6}"
EndProject
Project("{FAE04EC0-301F-11D3-BF4B-00C04F79EFBC}") = "SynoDs.Core.Interfaces", "source\SynoDs.Core.Interfaces\SynoDs.Core.Interfaces.csproj", "{0A64E79D-5E0F-4E19-8FC8-3A0DE0146E5D}"
EndProject
Project("{FAE04EC0-301F-11D3-BF4B-00C04F79EFBC}") = "SynoDs.Core.ApiBase", "source\SynoDs.Core.Api\SynoDs.Core.ApiBase.csproj", "{7E0BDC20-A490-4DB0-869B-35576D74332F}"
EndProject
Project("{FAE04EC0-301F-11D3-BF4B-00C04F79EFBC}") = "SynologyTests", "tests\SynologyTests.csproj", "{F2BF1FA2-30FE-42E3-A60F-33A4D09006E8}"
EndProject
Project("{2150E333-8FDC-42A3-9474-1A3956D46DE8}") = ".nuget", ".nuget", "{D6A5A80F-C68C-4D60-AADB-05379A63C22A}"
	ProjectSection(SolutionItems) = preProject
		.nuget\NuGet.Config = .nuget\NuGet.Config
		.nuget\NuGet.exe = .nuget\NuGet.exe
		.nuget\NuGet.targets = .nuget\NuGet.targets
	EndProjectSection
EndProject
Project("{FAE04EC0-301F-11D3-BF4B-00C04F79EFBC}") = "SynoDs.Core.DownloadStation", "source\SynoDs.Core.DownloadStation\SynoDs.Core.DownloadStation.csproj", "{D78F4068-26A0-47C7-9B3E-DD032535ACE9}"
EndProject
Project("{FAE04EC0-301F-11D3-BF4B-00C04F79EFBC}") = "SynoDs.Core.JsonParser", "source\SynoDs.Core.JsonParser\SynoDs.Core.JsonParser.csproj", "{5202EE3E-C77E-4799-B841-CD60DBD8B38D}"
EndProject
Project("{FAE04EC0-301F-11D3-BF4B-00C04F79EFBC}") = "SynoDs.Core.BaseApi.Info", "source\SynoDs.Core.BaseApi.Info\SynoDs.Core.BaseApi.Info.csproj", "{9A8FF5E8-762B-470F-8037-0686B791356F}"
EndProject
Project("{FAE04EC0-301F-11D3-BF4B-00C04F79EFBC}") = "SynoDs.Core.BaseApi.Auth", "source\SynoDs.Core.BaseApi.Auth\SynoDs.Core.BaseApi.Auth.csproj", "{F075E54F-9F90-470E-9576-96F0FD3B07F7}"
EndProject
Project("{FAE04EC0-301F-11D3-BF4B-00C04F79EFBC}") = "SynoDs.Core.CrossCutting", "source\SynoDs.Core.CrossCutting\SynoDs.Core.CrossCutting.csproj", "{ADBFE2AC-59DA-4F12-8701-6AED991ABE22}"
EndProject
Project("{FAE04EC0-301F-11D3-BF4B-00C04F79EFBC}") = "SynoDs.Core.FileStation", "SynoDs.Core.FileStation\SynoDs.Core.FileStation.csproj", "{65DBB4BF-2C0E-4689-867A-0629D05BDCFF}"
EndProject
Global
	GlobalSection(SolutionConfigurationPlatforms) = preSolution
		Debug|Any CPU = Debug|Any CPU
		Release|Any CPU = Release|Any CPU
	EndGlobalSection
	GlobalSection(ProjectConfigurationPlatforms) = postSolution
		{08DCB704-8FF6-4BF5-B852-2F8EECB8C6F6}.Debug|Any CPU.ActiveCfg = Debug|Any CPU
		{08DCB704-8FF6-4BF5-B852-2F8EECB8C6F6}.Debug|Any CPU.Build.0 = Debug|Any CPU
		{08DCB704-8FF6-4BF5-B852-2F8EECB8C6F6}.Release|Any CPU.ActiveCfg = Release|Any CPU
		{08DCB704-8FF6-4BF5-B852-2F8EECB8C6F6}.Release|Any CPU.Build.0 = Release|Any CPU
		{0A64E79D-5E0F-4E19-8FC8-3A0DE0146E5D}.Debug|Any CPU.ActiveCfg = Debug|Any CPU
		{0A64E79D-5E0F-4E19-8FC8-3A0DE0146E5D}.Debug|Any CPU.Build.0 = Debug|Any CPU
		{0A64E79D-5E0F-4E19-8FC8-3A0DE0146E5D}.Release|Any CPU.ActiveCfg = Release|Any CPU
		{0A64E79D-5E0F-4E19-8FC8-3A0DE0146E5D}.Release|Any CPU.Build.0 = Release|Any CPU
		{7E0BDC20-A490-4DB0-869B-35576D74332F}.Debug|Any CPU.ActiveCfg = Debug|Any CPU
		{7E0BDC20-A490-4DB0-869B-35576D74332F}.Debug|Any CPU.Build.0 = Debug|Any CPU
		{7E0BDC20-A490-4DB0-869B-35576D74332F}.Release|Any CPU.ActiveCfg = Release|Any CPU
		{7E0BDC20-A490-4DB0-869B-35576D74332F}.Release|Any CPU.Build.0 = Release|Any CPU
		{F2BF1FA2-30FE-42E3-A60F-33A4D09006E8}.Debug|Any CPU.ActiveCfg = Debug|Any CPU
		{F2BF1FA2-30FE-42E3-A60F-33A4D09006E8}.Release|Any CPU.ActiveCfg = Release|Any CPU
		{F2BF1FA2-30FE-42E3-A60F-33A4D09006E8}.Release|Any CPU.Build.0 = Release|Any CPU
		{D78F4068-26A0-47C7-9B3E-DD032535ACE9}.Debug|Any CPU.ActiveCfg = Debug|Any CPU
		{D78F4068-26A0-47C7-9B3E-DD032535ACE9}.Debug|Any CPU.Build.0 = Debug|Any CPU
		{D78F4068-26A0-47C7-9B3E-DD032535ACE9}.Release|Any CPU.ActiveCfg = Release|Any CPU
		{D78F4068-26A0-47C7-9B3E-DD032535ACE9}.Release|Any CPU.Build.0 = Release|Any CPU
		{5202EE3E-C77E-4799-B841-CD60DBD8B38D}.Debug|Any CPU.ActiveCfg = Debug|Any CPU
		{5202EE3E-C77E-4799-B841-CD60DBD8B38D}.Debug|Any CPU.Build.0 = Debug|Any CPU
		{5202EE3E-C77E-4799-B841-CD60DBD8B38D}.Release|Any CPU.ActiveCfg = Release|Any CPU
		{5202EE3E-C77E-4799-B841-CD60DBD8B38D}.Release|Any CPU.Build.0 = Release|Any CPU
		{9A8FF5E8-762B-470F-8037-0686B791356F}.Debug|Any CPU.ActiveCfg = Debug|Any CPU
		{9A8FF5E8-762B-470F-8037-0686B791356F}.Debug|Any CPU.Build.0 = Debug|Any CPU
		{9A8FF5E8-762B-470F-8037-0686B791356F}.Release|Any CPU.ActiveCfg = Release|Any CPU
		{9A8FF5E8-762B-470F-8037-0686B791356F}.Release|Any CPU.Build.0 = Release|Any CPU
		{F075E54F-9F90-470E-9576-96F0FD3B07F7}.Debug|Any CPU.ActiveCfg = Debug|Any CPU
		{F075E54F-9F90-470E-9576-96F0FD3B07F7}.Debug|Any CPU.Build.0 = Debug|Any CPU
		{F075E54F-9F90-470E-9576-96F0FD3B07F7}.Release|Any CPU.ActiveCfg = Release|Any CPU
		{F075E54F-9F90-470E-9576-96F0FD3B07F7}.Release|Any CPU.Build.0 = Release|Any CPU
		{ADBFE2AC-59DA-4F12-8701-6AED991ABE22}.Debug|Any CPU.ActiveCfg = Debug|Any CPU
		{ADBFE2AC-59DA-4F12-8701-6AED991ABE22}.Debug|Any CPU.Build.0 = Debug|Any CPU
		{ADBFE2AC-59DA-4F12-8701-6AED991ABE22}.Release|Any CPU.ActiveCfg = Release|Any CPU
		{ADBFE2AC-59DA-4F12-8701-6AED991ABE22}.Release|Any CPU.Build.0 = Release|Any CPU
		{65DBB4BF-2C0E-4689-867A-0629D05BDCFF}.Debug|Any CPU.ActiveCfg = Debug|Any CPU
		{65DBB4BF-2C0E-4689-867A-0629D05BDCFF}.Debug|Any CPU.Build.0 = Debug|Any CPU
		{65DBB4BF-2C0E-4689-867A-0629D05BDCFF}.Release|Any CPU.ActiveCfg = Release|Any CPU
		{65DBB4BF-2C0E-4689-867A-0629D05BDCFF}.Release|Any CPU.Build.0 = Release|Any CPU
	EndGlobalSection
	GlobalSection(SolutionProperties) = preSolution
		HideSolutionNode = FALSE
	EndGlobalSection
	GlobalSection(NestedProjects) = preSolution
		{08DCB704-8FF6-4BF5-B852-2F8EECB8C6F6} = {DC5C5CE8-5C49-4AD0-B23D-001FAE539573}
		{0A64E79D-5E0F-4E19-8FC8-3A0DE0146E5D} = {DC5C5CE8-5C49-4AD0-B23D-001FAE539573}
		{7E0BDC20-A490-4DB0-869B-35576D74332F} = {DC5C5CE8-5C49-4AD0-B23D-001FAE539573}
		{F2BF1FA2-30FE-42E3-A60F-33A4D09006E8} = {2F18FBA0-5947-47B6-8053-42E09E867DC2}
		{D78F4068-26A0-47C7-9B3E-DD032535ACE9} = {DC5C5CE8-5C49-4AD0-B23D-001FAE539573}
		{5202EE3E-C77E-4799-B841-CD60DBD8B38D} = {DC5C5CE8-5C49-4AD0-B23D-001FAE539573}
		{9A8FF5E8-762B-470F-8037-0686B791356F} = {DC5C5CE8-5C49-4AD0-B23D-001FAE539573}
		{F075E54F-9F90-470E-9576-96F0FD3B07F7} = {DC5C5CE8-5C49-4AD0-B23D-001FAE539573}
		{ADBFE2AC-59DA-4F12-8701-6AED991ABE22} = {DC5C5CE8-5C49-4AD0-B23D-001FAE539573}
		{65DBB4BF-2C0E-4689-867A-0629D05BDCFF} = {DC5C5CE8-5C49-4AD0-B23D-001FAE539573}
	EndGlobalSection
EndGlobal
